// !$*UTF8*$!
{
	archiveVersion = 1;
	classes = {
	};
	objectVersion = 56;
	objects = {

/* Begin PBXBuildFile section */
		852874312A74D6CC001390C9 /* NotesApp.swift in Sources */ = {isa = PBXBuildFile; fileRef = 852874302A74D6CC001390C9 /* NotesApp.swift */; };
		852874332A74D6CC001390C9 /* ContentView.swift in Sources */ = {isa = PBXBuildFile; fileRef = 852874322A74D6CC001390C9 /* ContentView.swift */; };
		852874352A74D6CE001390C9 /* Assets.xcassets in Resources */ = {isa = PBXBuildFile; fileRef = 852874342A74D6CE001390C9 /* Assets.xcassets */; };
		852874382A74D6CE001390C9 /* Preview Assets.xcassets in Resources */ = {isa = PBXBuildFile; fileRef = 852874372A74D6CE001390C9 /* Preview Assets.xcassets */; };
		852874402A74D784001390C9 /* NoteListView.swift in Sources */ = {isa = PBXBuildFile; fileRef = 8528743F2A74D784001390C9 /* NoteListView.swift */; };
		858509532A76C0D300D6F406 /* NewNoteView.swift in Sources */ = {isa = PBXBuildFile; fileRef = 858509522A76C0D300D6F406 /* NewNoteView.swift */; };
		858509552A76C0E300D6F406 /* NoteDetailView.swift in Sources */ = {isa = PBXBuildFile; fileRef = 858509542A76C0E300D6F406 /* NoteDetailView.swift */; };
		8585095B2A76C20600D6F406 /* Note.swift in Sources */ = {isa = PBXBuildFile; fileRef = 8585095A2A76C20600D6F406 /* Note.swift */; };
		8585095F2A76C50700D6F406 /* ProfileView.swift in Sources */ = {isa = PBXBuildFile; fileRef = 8585095E2A76C50700D6F406 /* ProfileView.swift */; };
		858509632A76CA6600D6F406 /* NoteData.swift in Sources */ = {isa = PBXBuildFile; fileRef = 858509622A76CA6600D6F406 /* NoteData.swift */; };
		858509652A76CB1200D6F406 /* Profile.swift in Sources */ = {isa = PBXBuildFile; fileRef = 858509642A76CB1200D6F406 /* Profile.swift */; };
		858509672A76E10D00D6F406 /* EditNoteView.swift in Sources */ = {isa = PBXBuildFile; fileRef = 858509662A76E10D00D6F406 /* EditNoteView.swift */; };
		858509692A76E22100D6F406 /* NoteSummaryView.swift in Sources */ = {isa = PBXBuildFile; fileRef = 858509682A76E22100D6F406 /* NoteSummaryView.swift */; };
/* End PBXBuildFile section */

/* Begin PBXFileReference section */
		8528742D2A74D6CC001390C9 /* Notes.app */ = {isa = PBXFileReference; explicitFileType = wrapper.application; includeInIndex = 0; path = Notes.app; sourceTree = BUILT_PRODUCTS_DIR; };
		852874302A74D6CC001390C9 /* NotesApp.swift */ = {isa = PBXFileReference; lastKnownFileType = sourcecode.swift; path = NotesApp.swift; sourceTree = "<group>"; };
		852874322A74D6CC001390C9 /* ContentView.swift */ = {isa = PBXFileReference; lastKnownFileType = sourcecode.swift; path = ContentView.swift; sourceTree = "<group>"; };
		852874342A74D6CE001390C9 /* Assets.xcassets */ = {isa = PBXFileReference; lastKnownFileType = folder.assetcatalog; path = Assets.xcassets; sourceTree = "<group>"; };
		852874372A74D6CE001390C9 /* Preview Assets.xcassets */ = {isa = PBXFileReference; lastKnownFileType = folder.assetcatalog; path = "Preview Assets.xcassets"; sourceTree = "<group>"; };
		8528743F2A74D784001390C9 /* NoteListView.swift */ = {isa = PBXFileReference; lastKnownFileType = sourcecode.swift; path = NoteListView.swift; sourceTree = "<group>"; };
		858509522A76C0D300D6F406 /* NewNoteView.swift */ = {isa = PBXFileReference; lastKnownFileType = sourcecode.swift; path = NewNoteView.swift; sourceTree = "<group>"; };
		858509542A76C0E300D6F406 /* NoteDetailView.swift */ = {isa = PBXFileReference; lastKnownFileType = sourcecode.swift; path = NoteDetailView.swift; sourceTree = "<group>"; };
		8585095A2A76C20600D6F406 /* Note.swift */ = {isa = PBXFileReference; lastKnownFileType = sourcecode.swift; path = Note.swift; sourceTree = "<group>"; };
		8585095E2A76C50700D6F406 /* ProfileView.swift */ = {isa = PBXFileReference; lastKnownFileType = sourcecode.swift; path = ProfileView.swift; sourceTree = "<group>"; };
		858509622A76CA6600D6F406 /* NoteData.swift */ = {isa = PBXFileReference; lastKnownFileType = sourcecode.swift; path = NoteData.swift; sourceTree = "<group>"; };
		858509642A76CB1200D6F406 /* Profile.swift */ = {isa = PBXFileReference; lastKnownFileType = sourcecode.swift; path = Profile.swift; sourceTree = "<group>"; };
		858509662A76E10D00D6F406 /* EditNoteView.swift */ = {isa = PBXFileReference; lastKnownFileType = sourcecode.swift; path = EditNoteView.swift; sourceTree = "<group>"; };
		858509682A76E22100D6F406 /* NoteSummaryView.swift */ = {isa = PBXFileReference; lastKnownFileType = sourcecode.swift; path = NoteSummaryView.swift; sourceTree = "<group>"; };
/* End PBXFileReference section */

/* Begin PBXFrameworksBuildPhase section */
		8528742A2A74D6CC001390C9 /* Frameworks */ = {
			isa = PBXFrameworksBuildPhase;
			buildActionMask = 2147483647;
			files = (
			);
			runOnlyForDeploymentPostprocessing = 0;
		};
/* End PBXFrameworksBuildPhase section */

/* Begin PBXGroup section */
		852874242A74D6CC001390C9 = {
			isa = PBXGroup;
			children = (
				8528742F2A74D6CC001390C9 /* Notes */,
				8528742E2A74D6CC001390C9 /* Products */,
			);
			sourceTree = "<group>";
		};
		8528742E2A74D6CC001390C9 /* Products */ = {
			isa = PBXGroup;
			children = (
				8528742D2A74D6CC001390C9 /* Notes.app */,
			);
			name = Products;
			sourceTree = "<group>";
		};
		8528742F2A74D6CC001390C9 /* Notes */ = {
			isa = PBXGroup;
			children = (
				852874302A74D6CC001390C9 /* NotesApp.swift */,
				8528743E2A74D6FB001390C9 /* View */,
				858509572A76C12D00D6F406 /* Models */,
				858509562A76C12300D6F406 /* Resources */,
				852874342A74D6CE001390C9 /* Assets.xcassets */,
				852874362A74D6CE001390C9 /* Preview Content */,
			);
			path = Notes;
			sourceTree = "<group>";
		};
		852874362A74D6CE001390C9 /* Preview Content */ = {
			isa = PBXGroup;
			children = (
				852874372A74D6CE001390C9 /* Preview Assets.xcassets */,
			);
			path = "Preview Content";
			sourceTree = "<group>";
		};
		8528743E2A74D6FB001390C9 /* View */ = {
			isa = PBXGroup;
			children = (
				852874322A74D6CC001390C9 /* ContentView.swift */,
				858509612A76C51C00D6F406 /* Note */,
				858509602A76C50C00D6F406 /* Profile */,
			);
			path = View;
			sourceTree = "<group>";
		};
		858509562A76C12300D6F406 /* Resources */ = {
			isa = PBXGroup;
			children = (
				858509622A76CA6600D6F406 /* NoteData.swift */,
			);
			path = Resources;
			sourceTree = "<group>";
		};
		858509572A76C12D00D6F406 /* Models */ = {
			isa = PBXGroup;
			children = (
				8585095A2A76C20600D6F406 /* Note.swift */,
				858509642A76CB1200D6F406 /* Profile.swift */,
			);
			path = Models;
			sourceTree = "<group>";
		};
		858509602A76C50C00D6F406 /* Profile */ = {
			isa = PBXGroup;
			children = (
				8585095E2A76C50700D6F406 /* ProfileView.swift */,
			);
			path = Profile;
			sourceTree = "<group>";
		};
		858509612A76C51C00D6F406 /* Note */ = {
			isa = PBXGroup;
			children = (
				8528743F2A74D784001390C9 /* NoteListView.swift */,
				858509522A76C0D300D6F406 /* NewNoteView.swift */,
				8585096A2A76E87000D6F406 /* Note Details */,
			);
			path = Note;
			sourceTree = "<group>";
		};
		8585096A2A76E87000D6F406 /* Note Details */ = {
			isa = PBXGroup;
			children = (
				858509542A76C0E300D6F406 /* NoteDetailView.swift */,
				858509682A76E22100D6F406 /* NoteSummaryView.swift */,
				858509662A76E10D00D6F406 /* EditNoteView.swift */,
			);
			path = "Note Details";
			sourceTree = "<group>";
		};
/* End PBXGroup section */

/* Begin PBXNativeTarget section */
		8528742C2A74D6CC001390C9 /* Notes */ = {
			isa = PBXNativeTarget;
			buildConfigurationList = 8528743B2A74D6CE001390C9 /* Build configuration list for PBXNativeTarget "Notes" */;
			buildPhases = (
				852874292A74D6CC001390C9 /* Sources */,
				8528742A2A74D6CC001390C9 /* Frameworks */,
				8528742B2A74D6CC001390C9 /* Resources */,
			);
			buildRules = (
			);
			dependencies = (
			);
			name = Notes;
			productName = Notes;
			productReference = 8528742D2A74D6CC001390C9 /* Notes.app */;
			productType = "com.apple.product-type.application";
		};
/* End PBXNativeTarget section */

/* Begin PBXProject section */
		852874252A74D6CC001390C9 /* Project object */ = {
			isa = PBXProject;
			attributes = {
				BuildIndependentTargetsInParallel = 1;
				LastSwiftUpdateCheck = 1430;
				LastUpgradeCheck = 1430;
				TargetAttributes = {
					8528742C2A74D6CC001390C9 = {
						CreatedOnToolsVersion = 14.3.1;
					};
				};
			};
			buildConfigurationList = 852874282A74D6CC001390C9 /* Build configuration list for PBXProject "Notes" */;
			compatibilityVersion = "Xcode 14.0";
			developmentRegion = en;
			hasScannedForEncodings = 0;
			knownRegions = (
				en,
				Base,
			);
			mainGroup = 852874242A74D6CC001390C9;
			productRefGroup = 8528742E2A74D6CC001390C9 /* Products */;
			projectDirPath = "";
			projectRoot = "";
			targets = (
				8528742C2A74D6CC001390C9 /* Notes */,
			);
		};
/* End PBXProject section */

/* Begin PBXResourcesBuildPhase section */
		8528742B2A74D6CC001390C9 /* Resources */ = {
			isa = PBXResourcesBuildPhase;
			buildActionMask = 2147483647;
			files = (
				852874382A74D6CE001390C9 /* Preview Assets.xcassets in Resources */,
				852874352A74D6CE001390C9 /* Assets.xcassets in Resources */,
			);
			runOnlyForDeploymentPostprocessing = 0;
		};
/* End PBXResourcesBuildPhase section */

/* Begin PBXSourcesBuildPhase section */
		852874292A74D6CC001390C9 /* Sources */ = {
			isa = PBXSourcesBuildPhase;
			buildActionMask = 2147483647;
			files = (
				852874332A74D6CC001390C9 /* ContentView.swift in Sources */,
				858509692A76E22100D6F406 /* NoteSummaryView.swift in Sources */,
				858509632A76CA6600D6F406 /* NoteData.swift in Sources */,
				858509552A76C0E300D6F406 /* NoteDetailView.swift in Sources */,
				852874402A74D784001390C9 /* NoteListView.swift in Sources */,
				852874312A74D6CC001390C9 /* NotesApp.swift in Sources */,
				858509532A76C0D300D6F406 /* NewNoteView.swift in Sources */,
				8585095F2A76C50700D6F406 /* ProfileView.swift in Sources */,
				858509652A76CB1200D6F406 /* Profile.swift in Sources */,
				858509672A76E10D00D6F406 /* EditNoteView.swift in Sources */,
				8585095B2A76C20600D6F406 /* Note.swift in Sources */,
			);
			runOnlyForDeploymentPostprocessing = 0;
		};
/* End PBXSourcesBuildPhase section */

/* Begin XCBuildConfiguration section */
		852874392A74D6CE001390C9 /* Debug */ = {
			isa = XCBuildConfiguration;
			buildSettings = {
				ALWAYS_SEARCH_USER_PATHS = NO;
				CLANG_ANALYZER_NONNULL = YES;
				CLANG_ANALYZER_NUMBER_OBJECT_CONVERSION = YES_AGGRESSIVE;
				CLANG_CXX_LANGUAGE_STANDARD = "gnu++20";
				CLANG_ENABLE_MODULES = YES;
				CLANG_ENABLE_OBJC_ARC = YES;
				CLANG_ENABLE_OBJC_WEAK = YES;
				CLANG_WARN_BLOCK_CAPTURE_AUTORELEASING = YES;
				CLANG_WARN_BOOL_CONVERSION = YES;
				CLANG_WARN_COMMA = YES;
				CLANG_WARN_CONSTANT_CONVERSION = YES;
				CLANG_WARN_DEPRECATED_OBJC_IMPLEMENTATIONS = YES;
				CLANG_WARN_DIRECT_OBJC_ISA_USAGE = YES_ERROR;
				CLANG_WARN_DOCUMENTATION_COMMENTS = YES;
				CLANG_WARN_EMPTY_BODY = YES;
				CLANG_WARN_ENUM_CONVERSION = YES;
				CLANG_WARN_INFINITE_RECURSION = YES;
				CLANG_WARN_INT_CONVERSION = YES;
				CLANG_WARN_NON_LITERAL_NULL_CONVERSION = YES;
				CLANG_WARN_OBJC_IMPLICIT_RETAIN_SELF = YES;
				CLANG_WARN_OBJC_LITERAL_CONVERSION = YES;
				CLANG_WARN_OBJC_ROOT_CLASS = YES_ERROR;
				CLANG_WARN_QUOTED_INCLUDE_IN_FRAMEWORK_HEADER = YES;
				CLANG_WARN_RANGE_LOOP_ANALYSIS = YES;
				CLANG_WARN_STRICT_PROTOTYPES = YES;
				CLANG_WARN_SUSPICIOUS_MOVE = YES;
				CLANG_WARN_UNGUARDED_AVAILABILITY = YES_AGGRESSIVE;
				CLANG_WARN_UNREACHABLE_CODE = YES;
				CLANG_WARN__DUPLICATE_METHOD_MATCH = YES;
				COPY_PHASE_STRIP = NO;
				DEBUG_INFORMATION_FORMAT = dwarf;
				ENABLE_STRICT_OBJC_MSGSEND = YES;
				ENABLE_TESTABILITY = YES;
				GCC_C_LANGUAGE_STANDARD = gnu11;
				GCC_DYNAMIC_NO_PIC = NO;
				GCC_NO_COMMON_BLOCKS = YES;
				GCC_OPTIMIZATION_LEVEL = 0;
				GCC_PREPROCESSOR_DEFINITIONS = (
					"DEBUG=1",
					"$(inherited)",
				);
				GCC_WARN_64_TO_32_BIT_CONVERSION = YES;
				GCC_WARN_ABOUT_RETURN_TYPE = YES_ERROR;
				GCC_WARN_UNDECLARED_SELECTOR = YES;
				GCC_WARN_UNINITIALIZED_AUTOS = YES_AGGRESSIVE;
				GCC_WARN_UNUSED_FUNCTION = YES;
				GCC_WARN_UNUSED_VARIABLE = YES;
				IPHONEOS_DEPLOYMENT_TARGET = 16.4;
				MTL_ENABLE_DEBUG_INFO = INCLUDE_SOURCE;
				MTL_FAST_MATH = YES;
				ONLY_ACTIVE_ARCH = YES;
				SDKROOT = iphoneos;
				SWIFT_ACTIVE_COMPILATION_CONDITIONS = DEBUG;
				SWIFT_OPTIMIZATION_LEVEL = "-Onone";
			};
			name = Debug;
		};
		8528743A2A74D6CE001390C9 /* Release */ = {
			isa = XCBuildConfiguration;
			buildSettings = {
				ALWAYS_SEARCH_USER_PATHS = NO;
				CLANG_ANALYZER_NONNULL = YES;
				CLANG_ANALYZER_NUMBER_OBJECT_CONVERSION = YES_AGGRESSIVE;
				CLANG_CXX_LANGUAGE_STANDARD = "gnu++20";
				CLANG_ENABLE_MODULES = YES;
				CLANG_ENABLE_OBJC_ARC = YES;
				CLANG_ENABLE_OBJC_WEAK = YES;
				CLANG_WARN_BLOCK_CAPTURE_AUTORELEASING = YES;
				CLANG_WARN_BOOL_CONVERSION = YES;
				CLANG_WARN_COMMA = YES;
				CLANG_WARN_CONSTANT_CONVERSION = YES;
				CLANG_WARN_DEPRECATED_OBJC_IMPLEMENTATIONS = YES;
				CLANG_WARN_DIRECT_OBJC_ISA_USAGE = YES_ERROR;
				CLANG_WARN_DOCUMENTATION_COMMENTS = YES;
				CLANG_WARN_EMPTY_BODY = YES;
				CLANG_WARN_ENUM_CONVERSION = YES;
				CLANG_WARN_INFINITE_RECURSION = YES;
				CLANG_WARN_INT_CONVERSION = YES;
				CLANG_WARN_NON_LITERAL_NULL_CONVERSION = YES;
				CLANG_WARN_OBJC_IMPLICIT_RETAIN_SELF = YES;
				CLANG_WARN_OBJC_LITERAL_CONVERSION = YES;
				CLANG_WARN_OBJC_ROOT_CLASS = YES_ERROR;
				CLANG_WARN_QUOTED_INCLUDE_IN_FRAMEWORK_HEADER = YES;
				CLANG_WARN_RANGE_LOOP_ANALYSIS = YES;
				CLANG_WARN_STRICT_PROTOTYPES = YES;
				CLANG_WARN_SUSPICIOUS_MOVE = YES;
				CLANG_WARN_UNGUARDED_AVAILABILITY = YES_AGGRESSIVE;
				CLANG_WARN_UNREACHABLE_CODE = YES;
				CLANG_WARN__DUPLICATE_METHOD_MATCH = YES;
				COPY_PHASE_STRIP = NO;
				DEBUG_INFORMATION_FORMAT = "dwarf-with-dsym";
				ENABLE_NS_ASSERTIONS = NO;
				ENABLE_STRICT_OBJC_MSGSEND = YES;
				GCC_C_LANGUAGE_STANDARD = gnu11;
				GCC_NO_COMMON_BLOCKS = YES;
				GCC_WARN_64_TO_32_BIT_CONVERSION = YES;
				GCC_WARN_ABOUT_RETURN_TYPE = YES_ERROR;
				GCC_WARN_UNDECLARED_SELECTOR = YES;
				GCC_WARN_UNINITIALIZED_AUTOS = YES_AGGRESSIVE;
				GCC_WARN_UNUSED_FUNCTION = YES;
				GCC_WARN_UNUSED_VARIABLE = YES;
				IPHONEOS_DEPLOYMENT_TARGET = 16.4;
				MTL_ENABLE_DEBUG_INFO = NO;
				MTL_FAST_MATH = YES;
				SDKROOT = iphoneos;
				SWIFT_COMPILATION_MODE = wholemodule;
				SWIFT_OPTIMIZATION_LEVEL = "-O";
				VALIDATE_PRODUCT = YES;
			};
			name = Release;
		};
		8528743C2A74D6CE001390C9 /* Debug */ = {
			isa = XCBuildConfiguration;
			buildSettings = {
				ASSETCATALOG_COMPILER_APPICON_NAME = AppIcon;
				ASSETCATALOG_COMPILER_GLOBAL_ACCENT_COLOR_NAME = AccentColor;
				CODE_SIGN_STYLE = Automatic;
				CURRENT_PROJECT_VERSION = 1;
				DEVELOPMENT_ASSET_PATHS = "\"Notes/Preview Content\"";
				DEVELOPMENT_TEAM = D39G22QKCX;
				ENABLE_PREVIEWS = YES;
				GENERATE_INFOPLIST_FILE = YES;
				INFOPLIST_KEY_UIApplicationSceneManifest_Generation = YES;
				INFOPLIST_KEY_UIApplicationSupportsIndirectInputEvents = YES;
				INFOPLIST_KEY_UILaunchScreen_Generation = YES;
				INFOPLIST_KEY_UISupportedInterfaceOrientations_iPad = "UIInterfaceOrientationPortrait UIInterfaceOrientationPortraitUpsideDown UIInterfaceOrientationLandscapeLeft UIInterfaceOrientationLandscapeRight";
				INFOPLIST_KEY_UISupportedInterfaceOrientations_iPhone = "UIInterfaceOrientationPortrait UIInterfaceOrientationLandscapeLeft UIInterfaceOrientationLandscapeRight";
				LD_RUNPATH_SEARCH_PATHS = (
					"$(inherited)",
					"@executable_path/Frameworks",
				);
				MARKETING_VERSION = 1.0;
				PRODUCT_BUNDLE_IDENTIFIER = creek.Notes;
				PRODUCT_NAME = "$(TARGET_NAME)";
				SWIFT_EMIT_LOC_STRINGS = YES;
				SWIFT_VERSION = 5.0;
				TARGETED_DEVICE_FAMILY = "1,2";
			};
			name = Debug;
		};
		8528743D2A74D6CE001390C9 /* Release */ = {
			isa = XCBuildConfiguration;
			buildSettings = {
				ASSETCATALOG_COMPILER_APPICON_NAME = AppIcon;
				ASSETCATALOG_COMPILER_GLOBAL_ACCENT_COLOR_NAME = AccentColor;
				CODE_SIGN_STYLE = Automatic;
				CURRENT_PROJECT_VERSION = 1;
				DEVELOPMENT_ASSET_PATHS = "\"Notes/Preview Content\"";
				DEVELOPMENT_TEAM = D39G22QKCX;
				ENABLE_PREVIEWS = YES;
				GENERATE_INFOPLIST_FILE = YES;
				INFOPLIST_KEY_UIApplicationSceneManifest_Generation = YES;
				INFOPLIST_KEY_UIApplicationSupportsIndirectInputEvents = YES;
				INFOPLIST_KEY_UILaunchScreen_Generation = YES;
				INFOPLIST_KEY_UISupportedInterfaceOrientations_iPad = "UIInterfaceOrientationPortrait UIInterfaceOrientationPortraitUpsideDown UIInterfaceOrientationLandscapeLeft UIInterfaceOrientationLandscapeRight";
				INFOPLIST_KEY_UISupportedInterfaceOrientations_iPhone = "UIInterfaceOrientationPortrait UIInterfaceOrientationLandscapeLeft UIInterfaceOrientationLandscapeRight";
				LD_RUNPATH_SEARCH_PATHS = (
					"$(inherited)",
					"@executable_path/Frameworks",
				);
				MARKETING_VERSION = 1.0;
				PRODUCT_BUNDLE_IDENTIFIER = creek.Notes;
				PRODUCT_NAME = "$(TARGET_NAME)";
				SWIFT_EMIT_LOC_STRINGS = YES;
				SWIFT_VERSION = 5.0;
				TARGETED_DEVICE_FAMILY = "1,2";
			};
			name = Release;
		};
/* End XCBuildConfiguration section */

/* Begin XCConfigurationList section */
		852874282A74D6CC001390C9 /* Build configuration list for PBXProject "Notes" */ = {
			isa = XCConfigurationList;
			buildConfigurations = (
				852874392A74D6CE001390C9 /* Debug */,
				8528743A2A74D6CE001390C9 /* Release */,
			);
			defaultConfigurationIsVisible = 0;
			defaultConfigurationName = Release;
		};
		8528743B2A74D6CE001390C9 /* Build configuration list for PBXNativeTarget "Notes" */ = {
			isa = XCConfigurationList;
			buildConfigurations = (
				8528743C2A74D6CE001390C9 /* Debug */,
				8528743D2A74D6CE001390C9 /* Release */,
			);
			defaultConfigurationIsVisible = 0;
			defaultConfigurationName = Release;
		};
/* End XCConfigurationList section */
	};
	rootObject = 852874252A74D6CC001390C9 /* Project object */;
}
